// !$*UTF8*$!
{
	archiveVersion = 1;
	classes = {
	};
	objectVersion = 50;
	objects = {

/* Begin PBXBuildFile section */
		F79B1DFA23E6ACB6000F0302 /* AppDelegate.swift in Sources */ = {isa = PBXBuildFile; fileRef = F79B1DF923E6ACB6000F0302 /* AppDelegate.swift */; };
		F79B1DFC23E6ACB6000F0302 /* SceneDelegate.swift in Sources */ = {isa = PBXBuildFile; fileRef = F79B1DFB23E6ACB6000F0302 /* SceneDelegate.swift */; };
		F79B1DFE23E6ACB6000F0302 /* ViewController.swift in Sources */ = {isa = PBXBuildFile; fileRef = F79B1DFD23E6ACB6000F0302 /* ViewController.swift */; };
		F79B1E0123E6ACB6000F0302 /* Main.storyboard in Resources */ = {isa = PBXBuildFile; fileRef = F79B1DFF23E6ACB6000F0302 /* Main.storyboard */; };
		F79B1E0323E6ACBA000F0302 /* Assets.xcassets in Resources */ = {isa = PBXBuildFile; fileRef = F79B1E0223E6ACBA000F0302 /* Assets.xcassets */; };
		F79B1E0623E6ACBA000F0302 /* LaunchScreen.storyboard in Resources */ = {isa = PBXBuildFile; fileRef = F79B1E0423E6ACBA000F0302 /* LaunchScreen.storyboard */; };
		F79B1E1123E6ACBA000F0302 /* NYTimesAssesmentTestTests.swift in Sources */ = {isa = PBXBuildFile; fileRef = F79B1E1023E6ACBA000F0302 /* NYTimesAssesmentTestTests.swift */; };
		F79B1E1C23E6ACBA000F0302 /* NYTimesAssesmentTestUITests.swift in Sources */ = {isa = PBXBuildFile; fileRef = F79B1E1B23E6ACBA000F0302 /* NYTimesAssesmentTestUITests.swift */; };
/* End PBXBuildFile section */

/* Begin PBXContainerItemProxy section */
		F79B1E0D23E6ACBA000F0302 /* PBXContainerItemProxy */ = {
			isa = PBXContainerItemProxy;
			containerPortal = F79B1DEE23E6ACB6000F0302 /* Project object */;
			proxyType = 1;
			remoteGlobalIDString = F79B1DF523E6ACB6000F0302;
			remoteInfo = NYTimesAssesmentTest;
		};
		F79B1E1823E6ACBA000F0302 /* PBXContainerItemProxy */ = {
			isa = PBXContainerItemProxy;
			containerPortal = F79B1DEE23E6ACB6000F0302 /* Project object */;
			proxyType = 1;
			remoteGlobalIDString = F79B1DF523E6ACB6000F0302;
			remoteInfo = NYTimesAssesmentTest;
		};
/* End PBXContainerItemProxy section */

/* Begin PBXFileReference section */
		F79B1DF623E6ACB6000F0302 /* NYTimesAssesmentTest.app */ = {isa = PBXFileReference; explicitFileType = wrapper.application; includeInIndex = 0; path = NYTimesAssesmentTest.app; sourceTree = BUILT_PRODUCTS_DIR; };
		F79B1DF923E6ACB6000F0302 /* AppDelegate.swift */ = {isa = PBXFileReference; lastKnownFileType = sourcecode.swift; path = AppDelegate.swift; sourceTree = "<group>"; };
		F79B1DFB23E6ACB6000F0302 /* SceneDelegate.swift */ = {isa = PBXFileReference; lastKnownFileType = sourcecode.swift; path = SceneDelegate.swift; sourceTree = "<group>"; };
		F79B1DFD23E6ACB6000F0302 /* ViewController.swift */ = {isa = PBXFileReference; lastKnownFileType = sourcecode.swift; path = ViewController.swift; sourceTree = "<group>"; };
		F79B1E0023E6ACB6000F0302 /* Base */ = {isa = PBXFileReference; lastKnownFileType = file.storyboard; name = Base; path = Base.lproj/Main.storyboard; sourceTree = "<group>"; };
		F79B1E0223E6ACBA000F0302 /* Assets.xcassets */ = {isa = PBXFileReference; lastKnownFileType = folder.assetcatalog; path = Assets.xcassets; sourceTree = "<group>"; };
		F79B1E0523E6ACBA000F0302 /* Base */ = {isa = PBXFileReference; lastKnownFileType = file.storyboard; name = Base; path = Base.lproj/LaunchScreen.storyboard; sourceTree = "<group>"; };
		F79B1E0723E6ACBA000F0302 /* Info.plist */ = {isa = PBXFileReference; lastKnownFileType = text.plist.xml; path = Info.plist; sourceTree = "<group>"; };
		F79B1E0C23E6ACBA000F0302 /* NYTimesAssesmentTestTests.xctest */ = {isa = PBXFileReference; explicitFileType = wrapper.cfbundle; includeInIndex = 0; path = NYTimesAssesmentTestTests.xctest; sourceTree = BUILT_PRODUCTS_DIR; };
		F79B1E1023E6ACBA000F0302 /* NYTimesAssesmentTestTests.swift */ = {isa = PBXFileReference; lastKnownFileType = sourcecode.swift; path = NYTimesAssesmentTestTests.swift; sourceTree = "<group>"; };
		F79B1E1223E6ACBA000F0302 /* Info.plist */ = {isa = PBXFileReference; lastKnownFileType = text.plist.xml; path = Info.plist; sourceTree = "<group>"; };
		F79B1E1723E6ACBA000F0302 /* NYTimesAssesmentTestUITests.xctest */ = {isa = PBXFileReference; explicitFileType = wrapper.cfbundle; includeInIndex = 0; path = NYTimesAssesmentTestUITests.xctest; sourceTree = BUILT_PRODUCTS_DIR; };
		F79B1E1B23E6ACBA000F0302 /* NYTimesAssesmentTestUITests.swift */ = {isa = PBXFileReference; lastKnownFileType = sourcecode.swift; path = NYTimesAssesmentTestUITests.swift; sourceTree = "<group>"; };
		F79B1E1D23E6ACBA000F0302 /* Info.plist */ = {isa = PBXFileReference; lastKnownFileType = text.plist.xml; path = Info.plist; sourceTree = "<group>"; };
/* End PBXFileReference section */

/* Begin PBXFrameworksBuildPhase section */
		F79B1DF323E6ACB6000F0302 /* Frameworks */ = {
			isa = PBXFrameworksBuildPhase;
			buildActionMask = 2147483647;
			files = (
			);
			runOnlyForDeploymentPostprocessing = 0;
		};
		F79B1E0923E6ACBA000F0302 /* Frameworks */ = {
			isa = PBXFrameworksBuildPhase;
			buildActionMask = 2147483647;
			files = (
			);
			runOnlyForDeploymentPostprocessing = 0;
		};
		F79B1E1423E6ACBA000F0302 /* Frameworks */ = {
			isa = PBXFrameworksBuildPhase;
			buildActionMask = 2147483647;
			files = (
			);
			runOnlyForDeploymentPostprocessing = 0;
		};
/* End PBXFrameworksBuildPhase section */

/* Begin PBXGroup section */
		F79B1DED23E6ACB6000F0302 = {
			isa = PBXGroup;
			children = (
				F79B1DF823E6ACB6000F0302 /* NYTimesAssesmentTest */,
				F79B1E0F23E6ACBA000F0302 /* NYTimesAssesmentTestTests */,
				F79B1E1A23E6ACBA000F0302 /* NYTimesAssesmentTestUITests */,
				F79B1DF723E6ACB6000F0302 /* Products */,
			);
			sourceTree = "<group>";
		};
		F79B1DF723E6ACB6000F0302 /* Products */ = {
			isa = PBXGroup;
			children = (
				F79B1DF623E6ACB6000F0302 /* NYTimesAssesmentTest.app */,
				F79B1E0C23E6ACBA000F0302 /* NYTimesAssesmentTestTests.xctest */,
				F79B1E1723E6ACBA000F0302 /* NYTimesAssesmentTestUITests.xctest */,
			);
			name = Products;
			sourceTree = "<group>";
		};
		F79B1DF823E6ACB6000F0302 /* NYTimesAssesmentTest */ = {
			isa = PBXGroup;
			children = (
				F79B1DF923E6ACB6000F0302 /* AppDelegate.swift */,
				F79B1DFB23E6ACB6000F0302 /* SceneDelegate.swift */,
				F79B1DFD23E6ACB6000F0302 /* ViewController.swift */,
				F79B1DFF23E6ACB6000F0302 /* Main.storyboard */,
				F79B1E0223E6ACBA000F0302 /* Assets.xcassets */,
				F79B1E0423E6ACBA000F0302 /* LaunchScreen.storyboard */,
				F79B1E0723E6ACBA000F0302 /* Info.plist */,
			);
			path = NYTimesAssesmentTest;
			sourceTree = "<group>";
		};
		F79B1E0F23E6ACBA000F0302 /* NYTimesAssesmentTestTests */ = {
			isa = PBXGroup;
			children = (
				F79B1E1023E6ACBA000F0302 /* NYTimesAssesmentTestTests.swift */,
				F79B1E1223E6ACBA000F0302 /* Info.plist */,
			);
			path = NYTimesAssesmentTestTests;
			sourceTree = "<group>";
		};
		F79B1E1A23E6ACBA000F0302 /* NYTimesAssesmentTestUITests */ = {
			isa = PBXGroup;
			children = (
				F79B1E1B23E6ACBA000F0302 /* NYTimesAssesmentTestUITests.swift */,
				F79B1E1D23E6ACBA000F0302 /* Info.plist */,
			);
			path = NYTimesAssesmentTestUITests;
			sourceTree = "<group>";
		};
/* End PBXGroup section */

/* Begin PBXNativeTarget section */
		F79B1DF523E6ACB6000F0302 /* NYTimesAssesmentTest */ = {
			isa = PBXNativeTarget;
			buildConfigurationList = F79B1E2023E6ACBA000F0302 /* Build configuration list for PBXNativeTarget "NYTimesAssesmentTest" */;
			buildPhases = (
				F79B1DF223E6ACB6000F0302 /* Sources */,
				F79B1DF323E6ACB6000F0302 /* Frameworks */,
				F79B1DF423E6ACB6000F0302 /* Resources */,
			);
			buildRules = (
			);
			dependencies = (
			);
			name = NYTimesAssesmentTest;
			productName = NYTimesAssesmentTest;
			productReference = F79B1DF623E6ACB6000F0302 /* NYTimesAssesmentTest.app */;
			productType = "com.apple.product-type.application";
		};
		F79B1E0B23E6ACBA000F0302 /* NYTimesAssesmentTestTests */ = {
			isa = PBXNativeTarget;
			buildConfigurationList = F79B1E2323E6ACBA000F0302 /* Build configuration list for PBXNativeTarget "NYTimesAssesmentTestTests" */;
			buildPhases = (
				F79B1E0823E6ACBA000F0302 /* Sources */,
				F79B1E0923E6ACBA000F0302 /* Frameworks */,
				F79B1E0A23E6ACBA000F0302 /* Resources */,
			);
			buildRules = (
			);
			dependencies = (
				F79B1E0E23E6ACBA000F0302 /* PBXTargetDependency */,
			);
			name = NYTimesAssesmentTestTests;
			productName = NYTimesAssesmentTestTests;
			productReference = F79B1E0C23E6ACBA000F0302 /* NYTimesAssesmentTestTests.xctest */;
			productType = "com.apple.product-type.bundle.unit-test";
		};
		F79B1E1623E6ACBA000F0302 /* NYTimesAssesmentTestUITests */ = {
			isa = PBXNativeTarget;
			buildConfigurationList = F79B1E2623E6ACBA000F0302 /* Build configuration list for PBXNativeTarget "NYTimesAssesmentTestUITests" */;
			buildPhases = (
				F79B1E1323E6ACBA000F0302 /* Sources */,
				F79B1E1423E6ACBA000F0302 /* Frameworks */,
				F79B1E1523E6ACBA000F0302 /* Resources */,
			);
			buildRules = (
			);
			dependencies = (
				F79B1E1923E6ACBA000F0302 /* PBXTargetDependency */,
			);
			name = NYTimesAssesmentTestUITests;
			productName = NYTimesAssesmentTestUITests;
			productReference = F79B1E1723E6ACBA000F0302 /* NYTimesAssesmentTestUITests.xctest */;
			productType = "com.apple.product-type.bundle.ui-testing";
		};
/* End PBXNativeTarget section */

/* Begin PBXProject section */
		F79B1DEE23E6ACB6000F0302 /* Project object */ = {
			isa = PBXProject;
			attributes = {
				LastSwiftUpdateCheck = 1130;
				LastUpgradeCheck = 1130;
				ORGANIZATIONNAME = "Moeen Ahmad Test";
				TargetAttributes = {
					F79B1DF523E6ACB6000F0302 = {
						CreatedOnToolsVersion = 11.3.1;
					};
					F79B1E0B23E6ACBA000F0302 = {
						CreatedOnToolsVersion = 11.3.1;
						TestTargetID = F79B1DF523E6ACB6000F0302;
					};
					F79B1E1623E6ACBA000F0302 = {
						CreatedOnToolsVersion = 11.3.1;
						TestTargetID = F79B1DF523E6ACB6000F0302;
					};
				};
			};
			buildConfigurationList = F79B1DF123E6ACB6000F0302 /* Build configuration list for PBXProject "NYTimesAssesmentTest" */;
			compatibilityVersion = "Xcode 9.3";
			developmentRegion = en;
			hasScannedForEncodings = 0;
			knownRegions = (
				en,
				Base,
			);
			mainGroup = F79B1DED23E6ACB6000F0302;
			productRefGroup = F79B1DF723E6ACB6000F0302 /* Products */;
			projectDirPath = "";
			projectRoot = "";
			targets = (
				F79B1DF523E6ACB6000F0302 /* NYTimesAssesmentTest */,
				F79B1E0B23E6ACBA000F0302 /* NYTimesAssesmentTestTests */,
				F79B1E1623E6ACBA000F0302 /* NYTimesAssesmentTestUITests */,
			);
		};
/* End PBXProject section */

/* Begin PBXResourcesBuildPhase section */
		F79B1DF423E6ACB6000F0302 /* Resources */ = {
			isa = PBXResourcesBuildPhase;
			buildActionMask = 2147483647;
			files = (
				F79B1E0623E6ACBA000F0302 /* LaunchScreen.storyboard in Resources */,
				F79B1E0323E6ACBA000F0302 /* Assets.xcassets in Resources */,
				F79B1E0123E6ACB6000F0302 /* Main.storyboard in Resources */,
			);
			runOnlyForDeploymentPostprocessing = 0;
		};
		F79B1E0A23E6ACBA000F0302 /* Resources */ = {
			isa = PBXResourcesBuildPhase;
			buildActionMask = 2147483647;
			files = (
			);
			runOnlyForDeploymentPostprocessing = 0;
		};
		F79B1E1523E6ACBA000F0302 /* Resources */ = {
			isa = PBXResourcesBuildPhase;
			buildActionMask = 2147483647;
			files = (
			);
			runOnlyForDeploymentPostprocessing = 0;
		};
/* End PBXResourcesBuildPhase section */

/* Begin PBXSourcesBuildPhase section */
		F79B1DF223E6ACB6000F0302 /* Sources */ = {
			isa = PBXSourcesBuildPhase;
			buildActionMask = 2147483647;
			files = (
				F79B1DFE23E6ACB6000F0302 /* ViewController.swift in Sources */,
				F79B1DFA23E6ACB6000F0302 /* AppDelegate.swift in Sources */,
				F79B1DFC23E6ACB6000F0302 /* SceneDelegate.swift in Sources */,
			);
			runOnlyForDeploymentPostprocessing = 0;
		};
		F79B1E0823E6ACBA000F0302 /* Sources */ = {
			isa = PBXSourcesBuildPhase;
			buildActionMask = 2147483647;
			files = (
				F79B1E1123E6ACBA000F0302 /* NYTimesAssesmentTestTests.swift in Sources */,
			);
			runOnlyForDeploymentPostprocessing = 0;
		};
		F79B1E1323E6ACBA000F0302 /* Sources */ = {
			isa = PBXSourcesBuildPhase;
			buildActionMask = 2147483647;
			files = (
				F79B1E1C23E6ACBA000F0302 /* NYTimesAssesmentTestUITests.swift in Sources */,
			);
			runOnlyForDeploymentPostprocessing = 0;
		};
/* End PBXSourcesBuildPhase section */

/* Begin PBXTargetDependency section */
		F79B1E0E23E6ACBA000F0302 /* PBXTargetDependency */ = {
			isa = PBXTargetDependency;
			target = F79B1DF523E6ACB6000F0302 /* NYTimesAssesmentTest */;
			targetProxy = F79B1E0D23E6ACBA000F0302 /* PBXContainerItemProxy */;
		};
		F79B1E1923E6ACBA000F0302 /* PBXTargetDependency */ = {
			isa = PBXTargetDependency;
			target = F79B1DF523E6ACB6000F0302 /* NYTimesAssesmentTest */;
			targetProxy = F79B1E1823E6ACBA000F0302 /* PBXContainerItemProxy */;
		};
/* End PBXTargetDependency section */

/* Begin PBXVariantGroup section */
		F79B1DFF23E6ACB6000F0302 /* Main.storyboard */ = {
			isa = PBXVariantGroup;
			children = (
				F79B1E0023E6ACB6000F0302 /* Base */,
			);
			name = Main.storyboard;
			sourceTree = "<group>";
		};
		F79B1E0423E6ACBA000F0302 /* LaunchScreen.storyboard */ = {
			isa = PBXVariantGroup;
			children = (
				F79B1E0523E6ACBA000F0302 /* Base */,
			);
			name = LaunchScreen.storyboard;
			sourceTree = "<group>";
		};
/* End PBXVariantGroup section */

/* Begin XCBuildConfiguration section */
		F79B1E1E23E6ACBA000F0302 /* Debug */ = {
			isa = XCBuildConfiguration;
			buildSettings = {
				ALWAYS_SEARCH_USER_PATHS = NO;
				CLANG_ANALYZER_NONNULL = YES;
				CLANG_ANALYZER_NUMBER_OBJECT_CONVERSION = YES_AGGRESSIVE;
				CLANG_CXX_LANGUAGE_STANDARD = "gnu++14";
				CLANG_CXX_LIBRARY = "libc++";
				CLANG_ENABLE_MODULES = YES;
				CLANG_ENABLE_OBJC_ARC = YES;
				CLANG_ENABLE_OBJC_WEAK = YES;
				CLANG_WARN_BLOCK_CAPTURE_AUTORELEASING = YES;
				CLANG_WARN_BOOL_CONVERSION = YES;
				CLANG_WARN_COMMA = YES;
				CLANG_WARN_CONSTANT_CONVERSION = YES;
				CLANG_WARN_DEPRECATED_OBJC_IMPLEMENTATIONS = YES;
				CLANG_WARN_DIRECT_OBJC_ISA_USAGE = YES_ERROR;
				CLANG_WARN_DOCUMENTATION_COMMENTS = YES;
				CLANG_WARN_EMPTY_BODY = YES;
				CLANG_WARN_ENUM_CONVERSION = YES;
				CLANG_WARN_INFINITE_RECURSION = YES;
				CLANG_WARN_INT_CONVERSION = YES;
				CLANG_WARN_NON_LITERAL_NULL_CONVERSION = YES;
				CLANG_WARN_OBJC_IMPLICIT_RETAIN_SELF = YES;
				CLANG_WARN_OBJC_LITERAL_CONVERSION = YES;
				CLANG_WARN_OBJC_ROOT_CLASS = YES_ERROR;
				CLANG_WARN_RANGE_LOOP_ANALYSIS = YES;
				CLANG_WARN_STRICT_PROTOTYPES = YES;
				CLANG_WARN_SUSPICIOUS_MOVE = YES;
				CLANG_WARN_UNGUARDED_AVAILABILITY = YES_AGGRESSIVE;
				CLANG_WARN_UNREACHABLE_CODE = YES;
				CLANG_WARN__DUPLICATE_METHOD_MATCH = YES;
				COPY_PHASE_STRIP = NO;
				DEBUG_INFORMATION_FORMAT = dwarf;
				ENABLE_STRICT_OBJC_MSGSEND = YES;
				ENABLE_TESTABILITY = YES;
				GCC_C_LANGUAGE_STANDARD = gnu11;
				GCC_DYNAMIC_NO_PIC = NO;
				GCC_NO_COMMON_BLOCKS = YES;
				GCC_OPTIMIZATION_LEVEL = 0;
				GCC_PREPROCESSOR_DEFINITIONS = (
					"DEBUG=1",
					"$(inherited)",
				);
				GCC_WARN_64_TO_32_BIT_CONVERSION = YES;
				GCC_WARN_ABOUT_RETURN_TYPE = YES_ERROR;
				GCC_WARN_UNDECLARED_SELECTOR = YES;
				GCC_WARN_UNINITIALIZED_AUTOS = YES_AGGRESSIVE;
				GCC_WARN_UNUSED_FUNCTION = YES;
				GCC_WARN_UNUSED_VARIABLE = YES;
				IPHONEOS_DEPLOYMENT_TARGET = 13.2;
				MTL_ENABLE_DEBUG_INFO = INCLUDE_SOURCE;
				MTL_FAST_MATH = YES;
				ONLY_ACTIVE_ARCH = YES;
				SDKROOT = iphoneos;
				SWIFT_ACTIVE_COMPILATION_CONDITIONS = DEBUG;
				SWIFT_OPTIMIZATION_LEVEL = "-Onone";
			};
			name = Debug;
		};
		F79B1E1F23E6ACBA000F0302 /* Release */ = {
			isa = XCBuildConfiguration;
			buildSettings = {
				ALWAYS_SEARCH_USER_PATHS = NO;
				CLANG_ANALYZER_NONNULL = YES;
				CLANG_ANALYZER_NUMBER_OBJECT_CONVERSION = YES_AGGRESSIVE;
				CLANG_CXX_LANGUAGE_STANDARD = "gnu++14";
				CLANG_CXX_LIBRARY = "libc++";
				CLANG_ENABLE_MODULES = YES;
				CLANG_ENABLE_OBJC_ARC = YES;
				CLANG_ENABLE_OBJC_WEAK = YES;
				CLANG_WARN_BLOCK_CAPTURE_AUTORELEASING = YES;
				CLANG_WARN_BOOL_CONVERSION = YES;
				CLANG_WARN_COMMA = YES;
				CLANG_WARN_CONSTANT_CONVERSION = YES;
				CLANG_WARN_DEPRECATED_OBJC_IMPLEMENTATIONS = YES;
				CLANG_WARN_DIRECT_OBJC_ISA_USAGE = YES_ERROR;
				CLANG_WARN_DOCUMENTATION_COMMENTS = YES;
				CLANG_WARN_EMPTY_BODY = YES;
				CLANG_WARN_ENUM_CONVERSION = YES;
				CLANG_WARN_INFINITE_RECURSION = YES;
				CLANG_WARN_INT_CONVERSION = YES;
				CLANG_WARN_NON_LITERAL_NULL_CONVERSION = YES;
				CLANG_WARN_OBJC_IMPLICIT_RETAIN_SELF = YES;
				CLANG_WARN_OBJC_LITERAL_CONVERSION = YES;
				CLANG_WARN_OBJC_ROOT_CLASS = YES_ERROR;
				CLANG_WARN_RANGE_LOOP_ANALYSIS = YES;
				CLANG_WARN_STRICT_PROTOTYPES = YES;
				CLANG_WARN_SUSPICIOUS_MOVE = YES;
				CLANG_WARN_UNGUARDED_AVAILABILITY = YES_AGGRESSIVE;
				CLANG_WARN_UNREACHABLE_CODE = YES;
				CLANG_WARN__DUPLICATE_METHOD_MATCH = YES;
				COPY_PHASE_STRIP = NO;
				DEBUG_INFORMATION_FORMAT = "dwarf-with-dsym";
				ENABLE_NS_ASSERTIONS = NO;
				ENABLE_STRICT_OBJC_MSGSEND = YES;
				GCC_C_LANGUAGE_STANDARD = gnu11;
				GCC_NO_COMMON_BLOCKS = YES;
				GCC_WARN_64_TO_32_BIT_CONVERSION = YES;
				GCC_WARN_ABOUT_RETURN_TYPE = YES_ERROR;
				GCC_WARN_UNDECLARED_SELECTOR = YES;
				GCC_WARN_UNINITIALIZED_AUTOS = YES_AGGRESSIVE;
				GCC_WARN_UNUSED_FUNCTION = YES;
				GCC_WARN_UNUSED_VARIABLE = YES;
				IPHONEOS_DEPLOYMENT_TARGET = 13.2;
				MTL_ENABLE_DEBUG_INFO = NO;
				MTL_FAST_MATH = YES;
				SDKROOT = iphoneos;
				SWIFT_COMPILATION_MODE = wholemodule;
				SWIFT_OPTIMIZATION_LEVEL = "-O";
				VALIDATE_PRODUCT = YES;
			};
			name = Release;
		};
		F79B1E2123E6ACBA000F0302 /* Debug */ = {
			isa = XCBuildConfiguration;
			buildSettings = {
				ASSETCATALOG_COMPILER_APPICON_NAME = AppIcon;
				CODE_SIGN_STYLE = Automatic;
				DEVELOPMENT_TEAM = M86XZ2F344;
				INFOPLIST_FILE = NYTimesAssesmentTest/Info.plist;
				LD_RUNPATH_SEARCH_PATHS = (
					"$(inherited)",
					"@executable_path/Frameworks",
				);
				PRODUCT_BUNDLE_IDENTIFIER = com.moeenahmad05.ae.NYTimesAssesmentTest;
				PRODUCT_NAME = "$(TARGET_NAME)";
				SWIFT_VERSION = 5.0;
				TARGETED_DEVICE_FAMILY = "1,2";
			};
			name = Debug;
		};
		F79B1E2223E6ACBA000F0302 /* Release */ = {
			isa = XCBuildConfiguration;
			buildSettings = {
				ASSETCATALOG_COMPILER_APPICON_NAME = AppIcon;
				CODE_SIGN_STYLE = Automatic;
				DEVELOPMENT_TEAM = M86XZ2F344;
				INFOPLIST_FILE = NYTimesAssesmentTest/Info.plist;
				LD_RUNPATH_SEARCH_PATHS = (
					"$(inherited)",
					"@executable_path/Frameworks",
				);
				PRODUCT_BUNDLE_IDENTIFIER = com.moeenahmad05.ae.NYTimesAssesmentTest;
				PRODUCT_NAME = "$(TARGET_NAME)";
				SWIFT_VERSION = 5.0;
				TARGETED_DEVICE_FAMILY = "1,2";
			};
			name = Release;
		};
		F79B1E2423E6ACBA000F0302 /* Debug */ = {
			isa = XCBuildConfiguration;
			buildSettings = {
				ALWAYS_EMBED_SWIFT_STANDARD_LIBRARIES = YES;
				BUNDLE_LOADER = "$(TEST_HOST)";
				CODE_SIGN_STYLE = Automatic;
				DEVELOPMENT_TEAM = M86XZ2F344;
				INFOPLIST_FILE = NYTimesAssesmentTestTests/Info.plist;
				IPHONEOS_DEPLOYMENT_TARGET = 13.2;
				LD_RUNPATH_SEARCH_PATHS = (
					"$(inherited)",
					"@executable_path/Frameworks",
					"@loader_path/Frameworks",
				);
				PRODUCT_BUNDLE_IDENTIFIER = com.moeenahmad05.ae.NYTimesAssesmentTestTests;
				PRODUCT_NAME = "$(TARGET_NAME)";
				SWIFT_VERSION = 5.0;
				TARGETED_DEVICE_FAMILY = "1,2";
				TEST_HOST = "$(BUILT_PRODUCTS_DIR)/NYTimesAssesmentTest.app/NYTimesAssesmentTest";
			};
			name = Debug;
		};
		F79B1E2523E6ACBA000F0302 /* Release */ = {
			isa = XCBuildConfiguration;
			buildSettings = {
				ALWAYS_EMBED_SWIFT_STANDARD_LIBRARIES = YES;
				BUNDLE_LOADER = "$(TEST_HOST)";
				CODE_SIGN_STYLE = Automatic;
				DEVELOPMENT_TEAM = M86XZ2F344;
				INFOPLIST_FILE = NYTimesAssesmentTestTests/Info.plist;
				IPHONEOS_DEPLOYMENT_TARGET = 13.2;
				LD_RUNPATH_SEARCH_PATHS = (
					"$(inherited)",
					"@executable_path/Frameworks",
					"@loader_path/Frameworks",
				);
				PRODUCT_BUNDLE_IDENTIFIER = com.moeenahmad05.ae.NYTimesAssesmentTestTests;
				PRODUCT_NAME = "$(TARGET_NAME)";
				SWIFT_VERSION = 5.0;
				TARGETED_DEVICE_FAMILY = "1,2";
				TEST_HOST = "$(BUILT_PRODUCTS_DIR)/NYTimesAssesmentTest.app/NYTimesAssesmentTest";
			};
			name = Release;
		};
		F79B1E2723E6ACBA000F0302 /* Debug */ = {
			isa = XCBuildConfiguration;
			buildSettings = {
				ALWAYS_EMBED_SWIFT_STANDARD_LIBRARIES = YES;
				CODE_SIGN_STYLE = Automatic;
				DEVELOPMENT_TEAM = M86XZ2F344;
				INFOPLIST_FILE = NYTimesAssesmentTestUITests/Info.plist;
				LD_RUNPATH_SEARCH_PATHS = (
					"$(inherited)",
					"@executable_path/Frameworks",
					"@loader_path/Frameworks",
				);
				PRODUCT_BUNDLE_IDENTIFIER = com.moeenahmad05.ae.NYTimesAssesmentTestUITests;
				PRODUCT_NAME = "$(TARGET_NAME)";
				SWIFT_VERSION = 5.0;
				TARGETED_DEVICE_FAMILY = "1,2";
				TEST_TARGET_NAME = NYTimesAssesmentTest;
			};
			name = Debug;
		};
		F79B1E2823E6ACBA000F0302 /* Release */ = {
			isa = XCBuildConfiguration;
			buildSettings = {
				ALWAYS_EMBED_SWIFT_STANDARD_LIBRARIES = YES;
				CODE_SIGN_STYLE = Automatic;
				DEVELOPMENT_TEAM = M86XZ2F344;
				INFOPLIST_FILE = NYTimesAssesmentTestUITests/Info.plist;
				LD_RUNPATH_SEARCH_PATHS = (
					"$(inherited)",
					"@executable_path/Frameworks",
					"@loader_path/Frameworks",
				);
				PRODUCT_BUNDLE_IDENTIFIER = com.moeenahmad05.ae.NYTimesAssesmentTestUITests;
				PRODUCT_NAME = "$(TARGET_NAME)";
				SWIFT_VERSION = 5.0;
				TARGETED_DEVICE_FAMILY = "1,2";
				TEST_TARGET_NAME = NYTimesAssesmentTest;
			};
			name = Release;
		};
/* End XCBuildConfiguration section */

/* Begin XCConfigurationList section */
		F79B1DF123E6ACB6000F0302 /* Build configuration list for PBXProject "NYTimesAssesmentTest" */ = {
			isa = XCConfigurationList;
			buildConfigurations = (
				F79B1E1E23E6ACBA000F0302 /* Debug */,
				F79B1E1F23E6ACBA000F0302 /* Release */,
			);
			defaultConfigurationIsVisible = 0;
			defaultConfigurationName = Release;
		};
		F79B1E2023E6ACBA000F0302 /* Build configuration list for PBXNativeTarget "NYTimesAssesmentTest" */ = {
			isa = XCConfigurationList;
			buildConfigurations = (
				F79B1E2123E6ACBA000F0302 /* Debug */,
				F79B1E2223E6ACBA000F0302 /* Release */,
			);
			defaultConfigurationIsVisible = 0;
			defaultConfigurationName = Release;
		};
		F79B1E2323E6ACBA000F0302 /* Build configuration list for PBXNativeTarget "NYTimesAssesmentTestTests" */ = {
			isa = XCConfigurationList;
			buildConfigurations = (
				F79B1E2423E6ACBA000F0302 /* Debug */,
				F79B1E2523E6ACBA000F0302 /* Release */,
			);
			defaultConfigurationIsVisible = 0;
			defaultConfigurationName = Release;
		};
		F79B1E2623E6ACBA000F0302 /* Build configuration list for PBXNativeTarget "NYTimesAssesmentTestUITests" */ = {
			isa = XCConfigurationList;
			buildConfigurations = (
				F79B1E2723E6ACBA000F0302 /* Debug */,
				F79B1E2823E6ACBA000F0302 /* Release */,
			);
			defaultConfigurationIsVisible = 0;
			defaultConfigurationName = Release;
		};
/* End XCConfigurationList section */
	};
	rootObject = F79B1DEE23E6ACB6000F0302 /* Project object */;
}
